
Microsoft Visual Studio Solution File, Format Version 12.00
# Visual Studio Version 16
VisualStudioVersion = 16.0.29519.181
MinimumVisualStudioVersion = 10.0.40219.1
Project("{FAE04EC0-301F-11D3-BF4B-00C04F79EFBC}") = "OCTranspo_Net", "OCTranspo_Net\OCTranspo_Net.csproj", "{FD8FD54E-E786-4616-84BD-66E041C48450}"
EndProject
Project("{FAE04EC0-301F-11D3-BF4B-00C04F79EFBC}") = "OCTranspo_Net.Test", "OCTranspo_Net.Test\OCTranspo_Net.Test.csproj", "{8D1529A7-BE58-41F5-BCBB-242746CEA61E}"
EndProject
Global
	GlobalSection(SolutionConfigurationPlatforms) = preSolution
		Debug|Any CPU = Debug|Any CPU
		Release|Any CPU = Release|Any CPU
	EndGlobalSection
	GlobalSection(ProjectConfigurationPlatforms) = postSolution
		{FD8FD54E-E786-4616-84BD-66E041C48450}.Debug|Any CPU.ActiveCfg = Debug|Any CPU
		{FD8FD54E-E786-4616-84BD-66E041C48450}.Debug|Any CPU.Build.0 = Debug|Any CPU
		{FD8FD54E-E786-4616-84BD-66E041C48450}.Release|Any CPU.ActiveCfg = Release|Any CPU
		{FD8FD54E-E786-4616-84BD-66E041C48450}.Release|Any CPU.Build.0 = Release|Any CPU
		{8D1529A7-BE58-41F5-BCBB-242746CEA61E}.Debug|Any CPU.ActiveCfg = Debug|Any CPU
		{8D1529A7-BE58-41F5-BCBB-242746CEA61E}.Debug|Any CPU.Build.0 = Debug|Any CPU
		{8D1529A7-BE58-41F5-BCBB-242746CEA61E}.Release|Any CPU.ActiveCfg = Release|Any CPU
		{8D1529A7-BE58-41F5-BCBB-242746CEA61E}.Release|Any CPU.Build.0 = Release|Any CPU
	EndGlobalSection
	GlobalSection(SolutionProperties) = preSolution
		HideSolutionNode = FALSE
	EndGlobalSection
	GlobalSection(ExtensibilityGlobals) = postSolution
		SolutionGuid = {CA590F5A-76CB-4341-B635-563F13DDFA3C}
	EndGlobalSection
EndGlobal
